// !$*UTF8*$!
{
	archiveVersion = 1;
	classes = {
	};
	objectVersion = 46;
	objects = {

/* Begin PBXBuildFile section */
		948C14961F0E3BAC0057D32C /* AppDelegate.swift in Sources */ = {isa = PBXBuildFile; fileRef = 948C14951F0E3BAC0057D32C /* AppDelegate.swift */; };
		948C14981F0E3BAC0057D32C /* ViewController.swift in Sources */ = {isa = PBXBuildFile; fileRef = 948C14971F0E3BAC0057D32C /* ViewController.swift */; };
		948C149D1F0E3BAC0057D32C /* Assets.xcassets in Resources */ = {isa = PBXBuildFile; fileRef = 948C149C1F0E3BAC0057D32C /* Assets.xcassets */; };
		948C14A01F0E3BAC0057D32C /* LaunchScreen.storyboard in Resources */ = {isa = PBXBuildFile; fileRef = 948C149E1F0E3BAC0057D32C /* LaunchScreen.storyboard */; };
		948C14AB1F0E3BAC0057D32C /* ExpandableTableViewTests.swift in Sources */ = {isa = PBXBuildFile; fileRef = 948C14AA1F0E3BAC0057D32C /* ExpandableTableViewTests.swift */; };
		948C14B61F0E3BAC0057D32C /* ExpandableTableViewUITests.swift in Sources */ = {isa = PBXBuildFile; fileRef = 948C14B51F0E3BAC0057D32C /* ExpandableTableViewUITests.swift */; };
/* End PBXBuildFile section */

/* Begin PBXContainerItemProxy section */
		948C14A71F0E3BAC0057D32C /* PBXContainerItemProxy */ = {
			isa = PBXContainerItemProxy;
			containerPortal = 948C148A1F0E3BAC0057D32C /* Project object */;
			proxyType = 1;
			remoteGlobalIDString = 948C14911F0E3BAC0057D32C;
			remoteInfo = ExpandableTableView;
		};
		948C14B21F0E3BAC0057D32C /* PBXContainerItemProxy */ = {
			isa = PBXContainerItemProxy;
			containerPortal = 948C148A1F0E3BAC0057D32C /* Project object */;
			proxyType = 1;
			remoteGlobalIDString = 948C14911F0E3BAC0057D32C;
			remoteInfo = ExpandableTableView;
		};
/* End PBXContainerItemProxy section */

/* Begin PBXFileReference section */
		948C14921F0E3BAC0057D32C /* ExpandableTableView.app */ = {isa = PBXFileReference; explicitFileType = wrapper.application; includeInIndex = 0; path = ExpandableTableView.app; sourceTree = BUILT_PRODUCTS_DIR; };
		948C14951F0E3BAC0057D32C /* AppDelegate.swift */ = {isa = PBXFileReference; lastKnownFileType = sourcecode.swift; path = AppDelegate.swift; sourceTree = "<group>"; };
		948C14971F0E3BAC0057D32C /* ViewController.swift */ = {isa = PBXFileReference; lastKnownFileType = sourcecode.swift; path = ViewController.swift; sourceTree = "<group>"; };
		948C149C1F0E3BAC0057D32C /* Assets.xcassets */ = {isa = PBXFileReference; lastKnownFileType = folder.assetcatalog; path = Assets.xcassets; sourceTree = "<group>"; };
		948C149F1F0E3BAC0057D32C /* Base */ = {isa = PBXFileReference; lastKnownFileType = file.storyboard; name = Base; path = Base.lproj/LaunchScreen.storyboard; sourceTree = "<group>"; };
		948C14A11F0E3BAC0057D32C /* Info.plist */ = {isa = PBXFileReference; lastKnownFileType = text.plist.xml; path = Info.plist; sourceTree = "<group>"; };
		948C14A61F0E3BAC0057D32C /* ExpandableTableViewTests.xctest */ = {isa = PBXFileReference; explicitFileType = wrapper.cfbundle; includeInIndex = 0; path = ExpandableTableViewTests.xctest; sourceTree = BUILT_PRODUCTS_DIR; };
		948C14AA1F0E3BAC0057D32C /* ExpandableTableViewTests.swift */ = {isa = PBXFileReference; lastKnownFileType = sourcecode.swift; path = ExpandableTableViewTests.swift; sourceTree = "<group>"; };
		948C14AC1F0E3BAC0057D32C /* Info.plist */ = {isa = PBXFileReference; lastKnownFileType = text.plist.xml; path = Info.plist; sourceTree = "<group>"; };
		948C14B11F0E3BAC0057D32C /* ExpandableTableViewUITests.xctest */ = {isa = PBXFileReference; explicitFileType = wrapper.cfbundle; includeInIndex = 0; path = ExpandableTableViewUITests.xctest; sourceTree = BUILT_PRODUCTS_DIR; };
		948C14B51F0E3BAC0057D32C /* ExpandableTableViewUITests.swift */ = {isa = PBXFileReference; lastKnownFileType = sourcecode.swift; path = ExpandableTableViewUITests.swift; sourceTree = "<group>"; };
		948C14B71F0E3BAC0057D32C /* Info.plist */ = {isa = PBXFileReference; lastKnownFileType = text.plist.xml; path = Info.plist; sourceTree = "<group>"; };
/* End PBXFileReference section */

/* Begin PBXFrameworksBuildPhase section */
		948C148F1F0E3BAC0057D32C /* Frameworks */ = {
			isa = PBXFrameworksBuildPhase;
			buildActionMask = 2147483647;
			files = (
			);
			runOnlyForDeploymentPostprocessing = 0;
		};
		948C14A31F0E3BAC0057D32C /* Frameworks */ = {
			isa = PBXFrameworksBuildPhase;
			buildActionMask = 2147483647;
			files = (
			);
			runOnlyForDeploymentPostprocessing = 0;
		};
		948C14AE1F0E3BAC0057D32C /* Frameworks */ = {
			isa = PBXFrameworksBuildPhase;
			buildActionMask = 2147483647;
			files = (
			);
			runOnlyForDeploymentPostprocessing = 0;
		};
/* End PBXFrameworksBuildPhase section */

/* Begin PBXGroup section */
		948C14891F0E3BAC0057D32C = {
			isa = PBXGroup;
			children = (
				948C14941F0E3BAC0057D32C /* ExpandableTableView */,
				948C14A91F0E3BAC0057D32C /* ExpandableTableViewTests */,
				948C14B41F0E3BAC0057D32C /* ExpandableTableViewUITests */,
				948C14931F0E3BAC0057D32C /* Products */,
			);
			sourceTree = "<group>";
		};
		948C14931F0E3BAC0057D32C /* Products */ = {
			isa = PBXGroup;
			children = (
				948C14921F0E3BAC0057D32C /* ExpandableTableView.app */,
				948C14A61F0E3BAC0057D32C /* ExpandableTableViewTests.xctest */,
				948C14B11F0E3BAC0057D32C /* ExpandableTableViewUITests.xctest */,
			);
			name = Products;
			sourceTree = "<group>";
		};
		948C14941F0E3BAC0057D32C /* ExpandableTableView */ = {
			isa = PBXGroup;
			children = (
				948C14951F0E3BAC0057D32C /* AppDelegate.swift */,
				948C14971F0E3BAC0057D32C /* ViewController.swift */,
				948C149C1F0E3BAC0057D32C /* Assets.xcassets */,
				948C149E1F0E3BAC0057D32C /* LaunchScreen.storyboard */,
				948C14A11F0E3BAC0057D32C /* Info.plist */,
			);
			path = ExpandableTableView;
			sourceTree = "<group>";
		};
		948C14A91F0E3BAC0057D32C /* ExpandableTableViewTests */ = {
			isa = PBXGroup;
			children = (
				948C14AA1F0E3BAC0057D32C /* ExpandableTableViewTests.swift */,
				948C14AC1F0E3BAC0057D32C /* Info.plist */,
			);
			path = ExpandableTableViewTests;
			sourceTree = "<group>";
		};
		948C14B41F0E3BAC0057D32C /* ExpandableTableViewUITests */ = {
			isa = PBXGroup;
			children = (
				948C14B51F0E3BAC0057D32C /* ExpandableTableViewUITests.swift */,
				948C14B71F0E3BAC0057D32C /* Info.plist */,
			);
			path = ExpandableTableViewUITests;
			sourceTree = "<group>";
		};
/* End PBXGroup section */

/* Begin PBXNativeTarget section */
		948C14911F0E3BAC0057D32C /* ExpandableTableView */ = {
			isa = PBXNativeTarget;
			buildConfigurationList = 948C14BA1F0E3BAC0057D32C /* Build configuration list for PBXNativeTarget "ExpandableTableView" */;
			buildPhases = (
				948C148E1F0E3BAC0057D32C /* Sources */,
				948C148F1F0E3BAC0057D32C /* Frameworks */,
				948C14901F0E3BAC0057D32C /* Resources */,
			);
			buildRules = (
			);
			dependencies = (
			);
			name = ExpandableTableView;
			productName = ExpandableTableView;
			productReference = 948C14921F0E3BAC0057D32C /* ExpandableTableView.app */;
			productType = "com.apple.product-type.application";
		};
		948C14A51F0E3BAC0057D32C /* ExpandableTableViewTests */ = {
			isa = PBXNativeTarget;
			buildConfigurationList = 948C14BD1F0E3BAC0057D32C /* Build configuration list for PBXNativeTarget "ExpandableTableViewTests" */;
			buildPhases = (
				948C14A21F0E3BAC0057D32C /* Sources */,
				948C14A31F0E3BAC0057D32C /* Frameworks */,
				948C14A41F0E3BAC0057D32C /* Resources */,
			);
			buildRules = (
			);
			dependencies = (
				948C14A81F0E3BAC0057D32C /* PBXTargetDependency */,
			);
			name = ExpandableTableViewTests;
			productName = ExpandableTableViewTests;
			productReference = 948C14A61F0E3BAC0057D32C /* ExpandableTableViewTests.xctest */;
			productType = "com.apple.product-type.bundle.unit-test";
		};
		948C14B01F0E3BAC0057D32C /* ExpandableTableViewUITests */ = {
			isa = PBXNativeTarget;
			buildConfigurationList = 948C14C01F0E3BAC0057D32C /* Build configuration list for PBXNativeTarget "ExpandableTableViewUITests" */;
			buildPhases = (
				948C14AD1F0E3BAC0057D32C /* Sources */,
				948C14AE1F0E3BAC0057D32C /* Frameworks */,
				948C14AF1F0E3BAC0057D32C /* Resources */,
			);
			buildRules = (
			);
			dependencies = (
				948C14B31F0E3BAC0057D32C /* PBXTargetDependency */,
			);
			name = ExpandableTableViewUITests;
			productName = ExpandableTableViewUITests;
			productReference = 948C14B11F0E3BAC0057D32C /* ExpandableTableViewUITests.xctest */;
			productType = "com.apple.product-type.bundle.ui-testing";
		};
/* End PBXNativeTarget section */

/* Begin PBXProject section */
		948C148A1F0E3BAC0057D32C /* Project object */ = {
			isa = PBXProject;
			attributes = {
				LastSwiftUpdateCheck = 0830;
				LastUpgradeCheck = 0830;
				ORGANIZATIONNAME = "Jeevan chandra";
				TargetAttributes = {
					948C14911F0E3BAC0057D32C = {
						CreatedOnToolsVersion = 8.3.3;
						ProvisioningStyle = Automatic;
					};
					948C14A51F0E3BAC0057D32C = {
						CreatedOnToolsVersion = 8.3.3;
						ProvisioningStyle = Automatic;
						TestTargetID = 948C14911F0E3BAC0057D32C;
					};
					948C14B01F0E3BAC0057D32C = {
						CreatedOnToolsVersion = 8.3.3;
						ProvisioningStyle = Automatic;
						TestTargetID = 948C14911F0E3BAC0057D32C;
					};
				};
			};
			buildConfigurationList = 948C148D1F0E3BAC0057D32C /* Build configuration list for PBXProject "ExpandableTableView" */;
			compatibilityVersion = "Xcode 3.2";
			developmentRegion = English;
			hasScannedForEncodings = 0;
			knownRegions = (
				en,
				Base,
			);
			mainGroup = 948C14891F0E3BAC0057D32C;
			productRefGroup = 948C14931F0E3BAC0057D32C /* Products */;
			projectDirPath = "";
			projectRoot = "";
			targets = (
				948C14911F0E3BAC0057D32C /* ExpandableTableView */,
				948C14A51F0E3BAC0057D32C /* ExpandableTableViewTests */,
				948C14B01F0E3BAC0057D32C /* ExpandableTableViewUITests */,
			);
		};
/* End PBXProject section */

/* Begin PBXResourcesBuildPhase section */
		948C14901F0E3BAC0057D32C /* Resources */ = {
			isa = PBXResourcesBuildPhase;
			buildActionMask = 2147483647;
			files = (
				948C14A01F0E3BAC0057D32C /* LaunchScreen.storyboard in Resources */,
				948C149D1F0E3BAC0057D32C /* Assets.xcassets in Resources */,
			);
			runOnlyForDeploymentPostprocessing = 0;
		};
		948C14A41F0E3BAC0057D32C /* Resources */ = {
			isa = PBXResourcesBuildPhase;
			buildActionMask = 2147483647;
			files = (
			);
			runOnlyForDeploymentPostprocessing = 0;
		};
		948C14AF1F0E3BAC0057D32C /* Resources */ = {
			isa = PBXResourcesBuildPhase;
			buildActionMask = 2147483647;
			files = (
			);
			runOnlyForDeploymentPostprocessing = 0;
		};
/* End PBXResourcesBuildPhase section */

/* Begin PBXSourcesBuildPhase section */
		948C148E1F0E3BAC0057D32C /* Sources */ = {
			isa = PBXSourcesBuildPhase;
			buildActionMask = 2147483647;
			files = (
				948C14981F0E3BAC0057D32C /* ViewController.swift in Sources */,
				948C14961F0E3BAC0057D32C /* AppDelegate.swift in Sources */,
			);
			runOnlyForDeploymentPostprocessing = 0;
		};
		948C14A21F0E3BAC0057D32C /* Sources */ = {
			isa = PBXSourcesBuildPhase;
			buildActionMask = 2147483647;
			files = (
				948C14AB1F0E3BAC0057D32C /* ExpandableTableViewTests.swift in Sources */,
			);
			runOnlyForDeploymentPostprocessing = 0;
		};
		948C14AD1F0E3BAC0057D32C /* Sources */ = {
			isa = PBXSourcesBuildPhase;
			buildActionMask = 2147483647;
			files = (
				948C14B61F0E3BAC0057D32C /* ExpandableTableViewUITests.swift in Sources */,
			);
			runOnlyForDeploymentPostprocessing = 0;
		};
/* End PBXSourcesBuildPhase section */

/* Begin PBXTargetDependency section */
		948C14A81F0E3BAC0057D32C /* PBXTargetDependency */ = {
			isa = PBXTargetDependency;
			target = 948C14911F0E3BAC0057D32C /* ExpandableTableView */;
			targetProxy = 948C14A71F0E3BAC0057D32C /* PBXContainerItemProxy */;
		};
		948C14B31F0E3BAC0057D32C /* PBXTargetDependency */ = {
			isa = PBXTargetDependency;
			target = 948C14911F0E3BAC0057D32C /* ExpandableTableView */;
			targetProxy = 948C14B21F0E3BAC0057D32C /* PBXContainerItemProxy */;
		};
/* End PBXTargetDependency section */

/* Begin PBXVariantGroup section */
		948C149E1F0E3BAC0057D32C /* LaunchScreen.storyboard */ = {
			isa = PBXVariantGroup;
			children = (
				948C149F1F0E3BAC0057D32C /* Base */,
			);
			name = LaunchScreen.storyboard;
			sourceTree = "<group>";
		};
/* End PBXVariantGroup section */

/* Begin XCBuildConfiguration section */
		948C14B81F0E3BAC0057D32C /* Debug */ = {
			isa = XCBuildConfiguration;
			buildSettings = {
				ALWAYS_SEARCH_USER_PATHS = NO;
				CLANG_ANALYZER_NONNULL = YES;
				CLANG_ANALYZER_NUMBER_OBJECT_CONVERSION = YES_AGGRESSIVE;
				CLANG_CXX_LANGUAGE_STANDARD = "gnu++0x";
				CLANG_CXX_LIBRARY = "libc++";
				CLANG_ENABLE_MODULES = YES;
				CLANG_ENABLE_OBJC_ARC = YES;
				CLANG_WARN_BOOL_CONVERSION = YES;
				CLANG_WARN_CONSTANT_CONVERSION = YES;
				CLANG_WARN_DIRECT_OBJC_ISA_USAGE = YES_ERROR;
				CLANG_WARN_DOCUMENTATION_COMMENTS = YES;
				CLANG_WARN_EMPTY_BODY = YES;
				CLANG_WARN_ENUM_CONVERSION = YES;
				CLANG_WARN_INFINITE_RECURSION = YES;
				CLANG_WARN_INT_CONVERSION = YES;
				CLANG_WARN_OBJC_ROOT_CLASS = YES_ERROR;
				CLANG_WARN_SUSPICIOUS_MOVE = YES;
				CLANG_WARN_UNREACHABLE_CODE = YES;
				CLANG_WARN__DUPLICATE_METHOD_MATCH = YES;
				"CODE_SIGN_IDENTITY[sdk=iphoneos*]" = "iPhone Developer";
				COPY_PHASE_STRIP = NO;
				DEBUG_INFORMATION_FORMAT = dwarf;
				ENABLE_STRICT_OBJC_MSGSEND = YES;
				ENABLE_TESTABILITY = YES;
				GCC_C_LANGUAGE_STANDARD = gnu99;
				GCC_DYNAMIC_NO_PIC = NO;
				GCC_NO_COMMON_BLOCKS = YES;
				GCC_OPTIMIZATION_LEVEL = 0;
				GCC_PREPROCESSOR_DEFINITIONS = (
					"DEBUG=1",
					"$(inherited)",
				);
				GCC_WARN_64_TO_32_BIT_CONVERSION = YES;
				GCC_WARN_ABOUT_RETURN_TYPE = YES_ERROR;
				GCC_WARN_UNDECLARED_SELECTOR = YES;
				GCC_WARN_UNINITIALIZED_AUTOS = YES_AGGRESSIVE;
				GCC_WARN_UNUSED_FUNCTION = YES;
				GCC_WARN_UNUSED_VARIABLE = YES;
				IPHONEOS_DEPLOYMENT_TARGET = 10.3;
				MTL_ENABLE_DEBUG_INFO = YES;
				ONLY_ACTIVE_ARCH = YES;
				SDKROOT = iphoneos;
				SWIFT_ACTIVE_COMPILATION_CONDITIONS = DEBUG;
				SWIFT_OPTIMIZATION_LEVEL = "-Onone";
				TARGETED_DEVICE_FAMILY = "1,2";
			};
			name = Debug;
		};
		948C14B91F0E3BAC0057D32C /* Release */ = {
			isa = XCBuildConfiguration;
			buildSettings = {
				ALWAYS_SEARCH_USER_PATHS = NO;
				CLANG_ANALYZER_NONNULL = YES;
				CLANG_ANALYZER_NUMBER_OBJECT_CONVERSION = YES_AGGRESSIVE;
				CLANG_CXX_LANGUAGE_STANDARD = "gnu++0x";
				CLANG_CXX_LIBRARY = "libc++";
				CLANG_ENABLE_MODULES = YES;
				CLANG_ENABLE_OBJC_ARC = YES;
				CLANG_WARN_BOOL_CONVERSION = YES;
				CLANG_WARN_CONSTANT_CONVERSION = YES;
				CLANG_WARN_DIRECT_OBJC_ISA_USAGE = YES_ERROR;
				CLANG_WARN_DOCUMENTATION_COMMENTS = YES;
				CLANG_WARN_EMPTY_BODY = YES;
				CLANG_WARN_ENUM_CONVERSION = YES;
				CLANG_WARN_INFINITE_RECURSION = YES;
				CLANG_WARN_INT_CONVERSION = YES;
				CLANG_WARN_OBJC_ROOT_CLASS = YES_ERROR;
				CLANG_WARN_SUSPICIOUS_MOVE = YES;
				CLANG_WARN_UNREACHABLE_CODE = YES;
				CLANG_WARN__DUPLICATE_METHOD_MATCH = YES;
				"CODE_SIGN_IDENTITY[sdk=iphoneos*]" = "iPhone Developer";
				COPY_PHASE_STRIP = NO;
				DEBUG_INFORMATION_FORMAT = "dwarf-with-dsym";
				ENABLE_NS_ASSERTIONS = NO;
				ENABLE_STRICT_OBJC_MSGSEND = YES;
				GCC_C_LANGUAGE_STANDARD = gnu99;
				GCC_NO_COMMON_BLOCKS = YES;
				GCC_WARN_64_TO_32_BIT_CONVERSION = YES;
				GCC_WARN_ABOUT_RETURN_TYPE = YES_ERROR;
				GCC_WARN_UNDECLARED_SELECTOR = YES;
				GCC_WARN_UNINITIALIZED_AUTOS = YES_AGGRESSIVE;
				GCC_WARN_UNUSED_FUNCTION = YES;
				GCC_WARN_UNUSED_VARIABLE = YES;
				IPHONEOS_DEPLOYMENT_TARGET = 10.3;
				MTL_ENABLE_DEBUG_INFO = NO;
				SDKROOT = iphoneos;
				SWIFT_OPTIMIZATION_LEVEL = "-Owholemodule";
				TARGETED_DEVICE_FAMILY = "1,2";
				VALIDATE_PRODUCT = YES;
			};
			name = Release;
		};
		948C14BB1F0E3BAC0057D32C /* Debug */ = {
			isa = XCBuildConfiguration;
			buildSettings = {
				ASSETCATALOG_COMPILER_APPICON_NAME = AppIcon;
				INFOPLIST_FILE = ExpandableTableView/Info.plist;
				LD_RUNPATH_SEARCH_PATHS = "$(inherited) @executable_path/Frameworks";
				PRODUCT_BUNDLE_IDENTIFIER = Acknown.ExpandableTableView;
				PRODUCT_NAME = "$(TARGET_NAME)";
				SWIFT_VERSION = 3.0;
			};
			name = Debug;
		};
		948C14BC1F0E3BAC0057D32C /* Release */ = {
			isa = XCBuildConfiguration;
			buildSettings = {
				ASSETCATALOG_COMPILER_APPICON_NAME = AppIcon;
				INFOPLIST_FILE = ExpandableTableView/Info.plist;
				LD_RUNPATH_SEARCH_PATHS = "$(inherited) @executable_path/Frameworks";
				PRODUCT_BUNDLE_IDENTIFIER = Acknown.ExpandableTableView;
				PRODUCT_NAME = "$(TARGET_NAME)";
				SWIFT_VERSION = 3.0;
			};
			name = Release;
		};
		948C14BE1F0E3BAC0057D32C /* Debug */ = {
			isa = XCBuildConfiguration;
			buildSettings = {
				ALWAYS_EMBED_SWIFT_STANDARD_LIBRARIES = YES;
				BUNDLE_LOADER = "$(TEST_HOST)";
				INFOPLIST_FILE = ExpandableTableViewTests/Info.plist;
				LD_RUNPATH_SEARCH_PATHS = "$(inherited) @executable_path/Frameworks @loader_path/Frameworks";
				PRODUCT_BUNDLE_IDENTIFIER = Acknown.ExpandableTableViewTests;
				PRODUCT_NAME = "$(TARGET_NAME)";
				SWIFT_VERSION = 3.0;
				TEST_HOST = "$(BUILT_PRODUCTS_DIR)/ExpandableTableView.app/ExpandableTableView";
			};
			name = Debug;
		};
		948C14BF1F0E3BAC0057D32C /* Release */ = {
			isa = XCBuildConfiguration;
			buildSettings = {
				ALWAYS_EMBED_SWIFT_STANDARD_LIBRARIES = YES;
				BUNDLE_LOADER = "$(TEST_HOST)";
				INFOPLIST_FILE = ExpandableTableViewTests/Info.plist;
				LD_RUNPATH_SEARCH_PATHS = "$(inherited) @executable_path/Frameworks @loader_path/Frameworks";
				PRODUCT_BUNDLE_IDENTIFIER = Acknown.ExpandableTableViewTests;
				PRODUCT_NAME = "$(TARGET_NAME)";
				SWIFT_VERSION = 3.0;
				TEST_HOST = "$(BUILT_PRODUCTS_DIR)/ExpandableTableView.app/ExpandableTableView";
			};
			name = Release;
		};
		948C14C11F0E3BAC0057D32C /* Debug */ = {
			isa = XCBuildConfiguration;
			buildSettings = {
				ALWAYS_EMBED_SWIFT_STANDARD_LIBRARIES = YES;
				INFOPLIST_FILE = ExpandableTableViewUITests/Info.plist;
				LD_RUNPATH_SEARCH_PATHS = "$(inherited) @executable_path/Frameworks @loader_path/Frameworks";
				PRODUCT_BUNDLE_IDENTIFIER = Acknown.ExpandableTableViewUITests;
				PRODUCT_NAME = "$(TARGET_NAME)";
				SWIFT_VERSION = 3.0;
				TEST_TARGET_NAME = ExpandableTableView;
			};
			name = Debug;
		};
		948C14C21F0E3BAC0057D32C /* Release */ = {
			isa = XCBuildConfiguration;
			buildSettings = {
				ALWAYS_EMBED_SWIFT_STANDARD_LIBRARIES = YES;
				INFOPLIST_FILE = ExpandableTableViewUITests/Info.plist;
				LD_RUNPATH_SEARCH_PATHS = "$(inherited) @executable_path/Frameworks @loader_path/Frameworks";
				PRODUCT_BUNDLE_IDENTIFIER = Acknown.ExpandableTableViewUITests;
				PRODUCT_NAME = "$(TARGET_NAME)";
				SWIFT_VERSION = 3.0;
				TEST_TARGET_NAME = ExpandableTableView;
			};
			name = Release;
		};
/* End XCBuildConfiguration section */

/* Begin XCConfigurationList section */
		948C148D1F0E3BAC0057D32C /* Build configuration list for PBXProject "ExpandableTableView" */ = {
			isa = XCConfigurationList;
			buildConfigurations = (
				948C14B81F0E3BAC0057D32C /* Debug */,
				948C14B91F0E3BAC0057D32C /* Release */,
			);
			defaultConfigurationIsVisible = 0;
			defaultConfigurationName = Release;
		};
		948C14BA1F0E3BAC0057D32C /* Build configuration list for PBXNativeTarget "ExpandableTableView" */ = {
			isa = XCConfigurationList;
			buildConfigurations = (
				948C14BB1F0E3BAC0057D32C /* Debug */,
				948C14BC1F0E3BAC0057D32C /* Release */,
			);
			defaultConfigurationIsVisible = 0;
		};
		948C14BD1F0E3BAC0057D32C /* Build configuration list for PBXNativeTarget "ExpandableTableViewTests" */ = {
			isa = XCConfigurationList;
			buildConfigurations = (
				948C14BE1F0E3BAC0057D32C /* Debug */,
				948C14BF1F0E3BAC0057D32C /* Release */,
			);
			defaultConfigurationIsVisible = 0;
		};
		948C14C01F0E3BAC0057D32C /* Build configuration list for PBXNativeTarget "ExpandableTableViewUITests" */ = {
			isa = XCConfigurationList;
			buildConfigurations = (
				948C14C11F0E3BAC0057D32C /* Debug */,
				948C14C21F0E3BAC0057D32C /* Release */,
			);
			defaultConfigurationIsVisible = 0;
		};
/* End XCConfigurationList section */
	};
	rootObject = 948C148A1F0E3BAC0057D32C /* Project object */;
}
